// !$*UTF8*$!
{
	archiveVersion = 1;
	classes = {
	};
	objectVersion = 46;
	objects = {

/* Begin PBXBuildFile section */
		6052FCA21CB7CA38001C54CF /* AppDelegate.swift in Sources */ = {isa = PBXBuildFile; fileRef = 6052FCA11CB7CA38001C54CF /* AppDelegate.swift */; };
		6052FCA41CB7CA38001C54CF /* ViewController.swift in Sources */ = {isa = PBXBuildFile; fileRef = 6052FCA31CB7CA38001C54CF /* ViewController.swift */; };
		6052FCA71CB7CA38001C54CF /* Main.storyboard in Resources */ = {isa = PBXBuildFile; fileRef = 6052FCA51CB7CA38001C54CF /* Main.storyboard */; };
		6052FCA91CB7CA38001C54CF /* Assets.xcassets in Resources */ = {isa = PBXBuildFile; fileRef = 6052FCA81CB7CA38001C54CF /* Assets.xcassets */; };
		6052FCAC1CB7CA38001C54CF /* LaunchScreen.storyboard in Resources */ = {isa = PBXBuildFile; fileRef = 6052FCAA1CB7CA38001C54CF /* LaunchScreen.storyboard */; };
/* End PBXBuildFile section */

/* Begin PBXFileReference section */
		6052FC9E1CB7CA38001C54CF /* superCool.app */ = {isa = PBXFileReference; explicitFileType = wrapper.application; includeInIndex = 0; path = superCool.app; sourceTree = BUILT_PRODUCTS_DIR; };
		6052FCA11CB7CA38001C54CF /* AppDelegate.swift */ = {isa = PBXFileReference; lastKnownFileType = sourcecode.swift; path = AppDelegate.swift; sourceTree = "<group>"; };
		6052FCA31CB7CA38001C54CF /* ViewController.swift */ = {isa = PBXFileReference; lastKnownFileType = sourcecode.swift; path = ViewController.swift; sourceTree = "<group>"; };
		6052FCA61CB7CA38001C54CF /* Base */ = {isa = PBXFileReference; lastKnownFileType = file.storyboard; name = Base; path = Base.lproj/Main.storyboard; sourceTree = "<group>"; };
		6052FCA81CB7CA38001C54CF /* Assets.xcassets */ = {isa = PBXFileReference; lastKnownFileType = folder.assetcatalog; path = Assets.xcassets; sourceTree = "<group>"; };
		6052FCAB1CB7CA38001C54CF /* Base */ = {isa = PBXFileReference; lastKnownFileType = file.storyboard; name = Base; path = Base.lproj/LaunchScreen.storyboard; sourceTree = "<group>"; };
		6052FCAD1CB7CA38001C54CF /* Info.plist */ = {isa = PBXFileReference; lastKnownFileType = text.plist.xml; path = Info.plist; sourceTree = "<group>"; };
/* End PBXFileReference section */

/* Begin PBXFrameworksBuildPhase section */
		6052FC9B1CB7CA38001C54CF /* Frameworks */ = {
			isa = PBXFrameworksBuildPhase;
			buildActionMask = 2147483647;
			files = (
			);
			runOnlyForDeploymentPostprocessing = 0;
		};
/* End PBXFrameworksBuildPhase section */

/* Begin PBXGroup section */
		6052FC951CB7CA38001C54CF = {
			isa = PBXGroup;
			children = (
				6052FCA01CB7CA38001C54CF /* superCool */,
				6052FC9F1CB7CA38001C54CF /* Products */,
			);
			sourceTree = "<group>";
		};
		6052FC9F1CB7CA38001C54CF /* Products */ = {
			isa = PBXGroup;
			children = (
				6052FC9E1CB7CA38001C54CF /* superCool.app */,
			);
			name = Products;
			sourceTree = "<group>";
		};
		6052FCA01CB7CA38001C54CF /* superCool */ = {
			isa = PBXGroup;
			children = (
				6052FCA11CB7CA38001C54CF /* AppDelegate.swift */,
				6052FCA31CB7CA38001C54CF /* ViewController.swift */,
				6052FCA51CB7CA38001C54CF /* Main.storyboard */,
				6052FCA81CB7CA38001C54CF /* Assets.xcassets */,
				6052FCAA1CB7CA38001C54CF /* LaunchScreen.storyboard */,
				6052FCAD1CB7CA38001C54CF /* Info.plist */,
			);
			path = superCool;
			sourceTree = "<group>";
		};
/* End PBXGroup section */

/* Begin PBXNativeTarget section */
		6052FC9D1CB7CA38001C54CF /* superCool */ = {
			isa = PBXNativeTarget;
			buildConfigurationList = 6052FCB01CB7CA38001C54CF /* Build configuration list for PBXNativeTarget "superCool" */;
			buildPhases = (
				6052FC9A1CB7CA38001C54CF /* Sources */,
				6052FC9B1CB7CA38001C54CF /* Frameworks */,
				6052FC9C1CB7CA38001C54CF /* Resources */,
			);
			buildRules = (
			);
			dependencies = (
			);
			name = superCool;
			productName = superCool;
			productReference = 6052FC9E1CB7CA38001C54CF /* superCool.app */;
			productType = "com.apple.product-type.application";
		};
/* End PBXNativeTarget section */

/* Begin PBXProject section */
		6052FC961CB7CA38001C54CF /* Project object */ = {
			isa = PBXProject;
			attributes = {
				LastSwiftUpdateCheck = 0730;
				LastUpgradeCheck = 0730;
				ORGANIZATIONNAME = EightLittleBees;
				TargetAttributes = {
					6052FC9D1CB7CA38001C54CF = {
						CreatedOnToolsVersion = 7.3;
					};
				};
			};
			buildConfigurationList = 6052FC991CB7CA38001C54CF /* Build configuration list for PBXProject "superCool" */;
			compatibilityVersion = "Xcode 3.2";
			developmentRegion = English;
			hasScannedForEncodings = 0;
			knownRegions = (
				en,
				Base,
			);
			mainGroup = 6052FC951CB7CA38001C54CF;
			productRefGroup = 6052FC9F1CB7CA38001C54CF /* Products */;
			projectDirPath = "";
			projectRoot = "";
			targets = (
				6052FC9D1CB7CA38001C54CF /* superCool */,
			);
		};
/* End PBXProject section */

/* Begin PBXResourcesBuildPhase section */
		6052FC9C1CB7CA38001C54CF /* Resources */ = {
			isa = PBXResourcesBuildPhase;
			buildActionMask = 2147483647;
			files = (
				6052FCAC1CB7CA38001C54CF /* LaunchScreen.storyboard in Resources */,
				6052FCA91CB7CA38001C54CF /* Assets.xcassets in Resources */,
				6052FCA71CB7CA38001C54CF /* Main.storyboard in Resources */,
			);
			runOnlyForDeploymentPostprocessing = 0;
		};
/* End PBXResourcesBuildPhase section */

/* Begin PBXSourcesBuildPhase section */
		6052FC9A1CB7CA38001C54CF /* Sources */ = {
			isa = PBXSourcesBuildPhase;
			buildActionMask = 2147483647;
			files = (
				6052FCA41CB7CA38001C54CF /* ViewController.swift in Sources */,
				6052FCA21CB7CA38001C54CF /* AppDelegate.swift in Sources */,
			);
			runOnlyForDeploymentPostprocessing = 0;
		};
/* End PBXSourcesBuildPhase section */

/* Begin PBXVariantGroup section */
		6052FCA51CB7CA38001C54CF /* Main.storyboard */ = {
			isa = PBXVariantGroup;
			children = (
				6052FCA61CB7CA38001C54CF /* Base */,
			);
			name = Main.storyboard;
			sourceTree = "<group>";
		};
		6052FCAA1CB7CA38001C54CF /* LaunchScreen.storyboard */ = {
			isa = PBXVariantGroup;
			children = (
				6052FCAB1CB7CA38001C54CF /* Base */,
			);
			name = LaunchScreen.storyboard;
			sourceTree = "<group>";
		};
/* End PBXVariantGroup section */

/* Begin XCBuildConfiguration section */
		6052FCAE1CB7CA38001C54CF /* Debug */ = {
			isa = XCBuildConfiguration;
			buildSettings = {
				ALWAYS_SEARCH_USER_PATHS = NO;
				CLANG_ANALYZER_NONNULL = YES;
				CLANG_CXX_LANGUAGE_STANDARD = "gnu++0x";
				CLANG_CXX_LIBRARY = "libc++";
				CLANG_ENABLE_MODULES = YES;
				CLANG_ENABLE_OBJC_ARC = YES;
				CLANG_WARN_BOOL_CONVERSION = YES;
				CLANG_WARN_CONSTANT_CONVERSION = YES;
				CLANG_WARN_DIRECT_OBJC_ISA_USAGE = YES_ERROR;
				CLANG_WARN_EMPTY_BODY = YES;
				CLANG_WARN_ENUM_CONVERSION = YES;
				CLANG_WARN_INT_CONVERSION = YES;
				CLANG_WARN_OBJC_ROOT_CLASS = YES_ERROR;
				CLANG_WARN_UNREACHABLE_CODE = YES;
				CLANG_WARN__DUPLICATE_METHOD_MATCH = YES;
				"CODE_SIGN_IDENTITY[sdk=iphoneos*]" = "iPhone Developer";
				COPY_PHASE_STRIP = NO;
				DEBUG_INFORMATION_FORMAT = dwarf;
				ENABLE_STRICT_OBJC_MSGSEND = YES;
				ENABLE_TESTABILITY = YES;
				GCC_C_LANGUAGE_STANDARD = gnu99;
				GCC_DYNAMIC_NO_PIC = NO;
				GCC_NO_COMMON_BLOCKS = YES;
				GCC_OPTIMIZATION_LEVEL = 0;
				GCC_PREPROCESSOR_DEFINITIONS = (
					"DEBUG=1",
					"$(inherited)",
				);
				GCC_WARN_64_TO_32_BIT_CONVERSION = YES;
				GCC_WARN_ABOUT_RETURN_TYPE = YES_ERROR;
				GCC_WARN_UNDECLARED_SELECTOR = YES;
				GCC_WARN_UNINITIALIZED_AUTOS = YES_AGGRESSIVE;
				GCC_WARN_UNUSED_FUNCTION = YES;
				GCC_WARN_UNUSED_VARIABLE = YES;
				IPHONEOS_DEPLOYMENT_TARGET = 9.3;
				MTL_ENABLE_DEBUG_INFO = YES;
				ONLY_ACTIVE_ARCH = YES;
				SDKROOT = iphoneos;
				SWIFT_OPTIMIZATION_LEVEL = "-Onone";
			};
			name = Debug;
		};
		6052FCAF1CB7CA38001C54CF /* Release */ = {
			isa = XCBuildConfiguration;
			buildSettings = {
				ALWAYS_SEARCH_USER_PATHS = NO;
				CLANG_ANALYZER_NONNULL = YES;
				CLANG_CXX_LANGUAGE_STANDARD = "gnu++0x";
				CLANG_CXX_LIBRARY = "libc++";
				CLANG_ENABLE_MODULES = YES;
				CLANG_ENABLE_OBJC_ARC = YES;
				CLANG_WARN_BOOL_CONVERSION = YES;
				CLANG_WARN_CONSTANT_CONVERSION = YES;
				CLANG_WARN_DIRECT_OBJC_ISA_USAGE = YES_ERROR;
				CLANG_WARN_EMPTY_BODY = YES;
				CLANG_WARN_ENUM_CONVERSION = YES;
				CLANG_WARN_INT_CONVERSION = YES;
				CLANG_WARN_OBJC_ROOT_CLASS = YES_ERROR;
				CLANG_WARN_UNREACHABLE_CODE = YES;
				CLANG_WARN__DUPLICATE_METHOD_MATCH = YES;
				"CODE_SIGN_IDENTITY[sdk=iphoneos*]" = "iPhone Developer";
				COPY_PHASE_STRIP = NO;
				DEBUG_INFORMATION_FORMAT = "dwarf-with-dsym";
				ENABLE_NS_ASSERTIONS = NO;
				ENABLE_STRICT_OBJC_MSGSEND = YES;
				GCC_C_LANGUAGE_STANDARD = gnu99;
				GCC_NO_COMMON_BLOCKS = YES;
				GCC_WARN_64_TO_32_BIT_CONVERSION = YES;
				GCC_WARN_ABOUT_RETURN_TYPE = YES_ERROR;
				GCC_WARN_UNDECLARED_SELECTOR = YES;
				GCC_WARN_UNINITIALIZED_AUTOS = YES_AGGRESSIVE;
				GCC_WARN_UNUSED_FUNCTION = YES;
				GCC_WARN_UNUSED_VARIABLE = YES;
				IPHONEOS_DEPLOYMENT_TARGET = 9.3;
				MTL_ENABLE_DEBUG_INFO = NO;
				SDKROOT = iphoneos;
				VALIDATE_PRODUCT = YES;
			};
			name = Release;
		};
		6052FCB11CB7CA38001C54CF /* Debug */ = {
			isa = XCBuildConfiguration;
			buildSettings = {
				ASSETCATALOG_COMPILER_APPICON_NAME = AppIcon;
				INFOPLIST_FILE = superCool/Info.plist;
				LD_RUNPATH_SEARCH_PATHS = "$(inherited) @executable_path/Frameworks";
				PRODUCT_BUNDLE_IDENTIFIER = com.8LittleBees.superCool;
				PRODUCT_NAME = "$(TARGET_NAME)";
			};
			name = Debug;
		};
		6052FCB21CB7CA38001C54CF /* Release */ = {
			isa = XCBuildConfiguration;
			buildSettings = {
				ASSETCATALOG_COMPILER_APPICON_NAME = AppIcon;
				INFOPLIST_FILE = superCool/Info.plist;
				LD_RUNPATH_SEARCH_PATHS = "$(inherited) @executable_path/Frameworks";
				PRODUCT_BUNDLE_IDENTIFIER = com.8LittleBees.superCool;
				PRODUCT_NAME = "$(TARGET_NAME)";
			};
			name = Release;
		};
/* End XCBuildConfiguration section */

/* Begin XCConfigurationList section */
		6052FC991CB7CA38001C54CF /* Build configuration list for PBXProject "superCool" */ = {
			isa = XCConfigurationList;
			buildConfigurations = (
				6052FCAE1CB7CA38001C54CF /* Debug */,
				6052FCAF1CB7CA38001C54CF /* Release */,
			);
			defaultConfigurationIsVisible = 0;
			defaultConfigurationName = Release;
		};
		6052FCB01CB7CA38001C54CF /* Build configuration list for PBXNativeTarget "superCool" */ = {
			isa = XCConfigurationList;
			buildConfigurations = (
				6052FCB11CB7CA38001C54CF /* Debug */,
				6052FCB21CB7CA38001C54CF /* Release */,
			);
			defaultConfigurationIsVisible = 0;
		};
/* End XCConfigurationList section */
	};
	rootObject = 6052FC961CB7CA38001C54CF /* Project object */;
}
